
Microsoft Visual Studio Solution File, Format Version 12.00
# Visual Studio Version 16
VisualStudioVersion = 16.0.29920.165
MinimumVisualStudioVersion = 10.0.40219.1
Project("{FAE04EC0-301F-11D3-BF4B-00C04F79EFBC}") = "ConsoleApp2", "ConsoleApp2\ConsoleApp2.csproj", "{E441C2BA-AAFB-46F3-AF26-A8D52D672CDE}"
EndProject
Global
	GlobalSection(SolutionConfigurationPlatforms) = preSolution
		Debug|Any CPU = Debug|Any CPU
		Release|Any CPU = Release|Any CPU
	EndGlobalSection
	GlobalSection(ProjectConfigurationPlatforms) = postSolution
		{E441C2BA-AAFB-46F3-AF26-A8D52D672CDE}.Debug|Any CPU.ActiveCfg = Debug|Any CPU
		{E441C2BA-AAFB-46F3-AF26-A8D52D672CDE}.Debug|Any CPU.Build.0 = Debug|Any CPU
		{E441C2BA-AAFB-46F3-AF26-A8D52D672CDE}.Release|Any CPU.ActiveCfg = Release|Any CPU
		{E441C2BA-AAFB-46F3-AF26-A8D52D672CDE}.Release|Any CPU.Build.0 = Release|Any CPU
	EndGlobalSection
	GlobalSection(SolutionProperties) = preSolution
		HideSolutionNode = FALSE
	EndGlobalSection
	GlobalSection(ExtensibilityGlobals) = postSolution
		SolutionGuid = {3B381E60-EB92-483F-A279-A5CB235E9637}
	EndGlobalSection
EndGlobal
