
Microsoft Visual Studio Solution File, Format Version 12.00
# Visual Studio Version 16
VisualStudioVersion = 16.0.29920.165
MinimumVisualStudioVersion = 10.0.40219.1
Project("{FAE04EC0-301F-11D3-BF4B-00C04F79EFBC}") = "Ensimmäinen koodi", "Ensimmäinen koodi\Ensimmäinen koodi.csproj", "{155D9DE1-1D4B-4E69-BB2C-3076E802B9C8}"
EndProject
Global
	GlobalSection(SolutionConfigurationPlatforms) = preSolution
		Debug|Any CPU = Debug|Any CPU
		Release|Any CPU = Release|Any CPU
	EndGlobalSection
	GlobalSection(ProjectConfigurationPlatforms) = postSolution
		{155D9DE1-1D4B-4E69-BB2C-3076E802B9C8}.Debug|Any CPU.ActiveCfg = Debug|Any CPU
		{155D9DE1-1D4B-4E69-BB2C-3076E802B9C8}.Debug|Any CPU.Build.0 = Debug|Any CPU
		{155D9DE1-1D4B-4E69-BB2C-3076E802B9C8}.Release|Any CPU.ActiveCfg = Release|Any CPU
		{155D9DE1-1D4B-4E69-BB2C-3076E802B9C8}.Release|Any CPU.Build.0 = Release|Any CPU
	EndGlobalSection
	GlobalSection(SolutionProperties) = preSolution
		HideSolutionNode = FALSE
	EndGlobalSection
	GlobalSection(ExtensibilityGlobals) = postSolution
		SolutionGuid = {77D1223C-AEF5-41F8-BA30-677BDA3BC56C}
	EndGlobalSection
EndGlobal
