
Microsoft Visual Studio Solution File, Format Version 12.00
# Visual Studio Version 16
VisualStudioVersion = 16.0.29920.165
MinimumVisualStudioVersion = 10.0.40219.1
Project("{FAE04EC0-301F-11D3-BF4B-00C04F79EFBC}") = "Kirjastot", "Kirjastot\Kirjastot.csproj", "{480F44D5-5D38-4DFC-9CD8-1FC2C567D6DF}"
EndProject
Global
	GlobalSection(SolutionConfigurationPlatforms) = preSolution
		Debug|Any CPU = Debug|Any CPU
		Release|Any CPU = Release|Any CPU
	EndGlobalSection
	GlobalSection(ProjectConfigurationPlatforms) = postSolution
		{480F44D5-5D38-4DFC-9CD8-1FC2C567D6DF}.Debug|Any CPU.ActiveCfg = Debug|Any CPU
		{480F44D5-5D38-4DFC-9CD8-1FC2C567D6DF}.Debug|Any CPU.Build.0 = Debug|Any CPU
		{480F44D5-5D38-4DFC-9CD8-1FC2C567D6DF}.Release|Any CPU.ActiveCfg = Release|Any CPU
		{480F44D5-5D38-4DFC-9CD8-1FC2C567D6DF}.Release|Any CPU.Build.0 = Release|Any CPU
	EndGlobalSection
	GlobalSection(SolutionProperties) = preSolution
		HideSolutionNode = FALSE
	EndGlobalSection
	GlobalSection(ExtensibilityGlobals) = postSolution
		SolutionGuid = {1DCD0FE5-8523-4578-9414-6F8580D0F3F5}
	EndGlobalSection
EndGlobal
