
Microsoft Visual Studio Solution File, Format Version 12.00
# Visual Studio Version 16
VisualStudioVersion = 16.0.29920.165
MinimumVisualStudioVersion = 10.0.40219.1
Project("{FAE04EC0-301F-11D3-BF4B-00C04F79EFBC}") = "Ensimmainen_ohjelma", "Ensimmainen_ohjelma\Ensimmainen_ohjelma.csproj", "{13D3171B-E591-4881-B82E-2311D3C7604A}"
EndProject
Global
	GlobalSection(SolutionConfigurationPlatforms) = preSolution
		Debug|Any CPU = Debug|Any CPU
		Release|Any CPU = Release|Any CPU
	EndGlobalSection
	GlobalSection(ProjectConfigurationPlatforms) = postSolution
		{13D3171B-E591-4881-B82E-2311D3C7604A}.Debug|Any CPU.ActiveCfg = Debug|Any CPU
		{13D3171B-E591-4881-B82E-2311D3C7604A}.Debug|Any CPU.Build.0 = Debug|Any CPU
		{13D3171B-E591-4881-B82E-2311D3C7604A}.Release|Any CPU.ActiveCfg = Release|Any CPU
		{13D3171B-E591-4881-B82E-2311D3C7604A}.Release|Any CPU.Build.0 = Release|Any CPU
	EndGlobalSection
	GlobalSection(SolutionProperties) = preSolution
		HideSolutionNode = FALSE
	EndGlobalSection
	GlobalSection(ExtensibilityGlobals) = postSolution
		SolutionGuid = {ACA314B0-30BB-4B5E-B79D-EF94986C40B4}
	EndGlobalSection
EndGlobal
