
Microsoft Visual Studio Solution File, Format Version 12.00
# Visual Studio Version 16
VisualStudioVersion = 16.0.29920.165
MinimumVisualStudioVersion = 10.0.40219.1
Project("{FAE04EC0-301F-11D3-BF4B-00C04F79EFBC}") = "TestiWF", "TestiWF\TestiWF.csproj", "{8DB79897-7F8C-457A-B628-F8C134B5E682}"
EndProject
Global
	GlobalSection(SolutionConfigurationPlatforms) = preSolution
		Debug|Any CPU = Debug|Any CPU
		Release|Any CPU = Release|Any CPU
	EndGlobalSection
	GlobalSection(ProjectConfigurationPlatforms) = postSolution
		{8DB79897-7F8C-457A-B628-F8C134B5E682}.Debug|Any CPU.ActiveCfg = Debug|Any CPU
		{8DB79897-7F8C-457A-B628-F8C134B5E682}.Debug|Any CPU.Build.0 = Debug|Any CPU
		{8DB79897-7F8C-457A-B628-F8C134B5E682}.Release|Any CPU.ActiveCfg = Release|Any CPU
		{8DB79897-7F8C-457A-B628-F8C134B5E682}.Release|Any CPU.Build.0 = Release|Any CPU
	EndGlobalSection
	GlobalSection(SolutionProperties) = preSolution
		HideSolutionNode = FALSE
	EndGlobalSection
	GlobalSection(ExtensibilityGlobals) = postSolution
		SolutionGuid = {98C67697-D432-4BD5-8737-BF0EF05B560E}
	EndGlobalSection
EndGlobal
