
Microsoft Visual Studio Solution File, Format Version 12.00
# Visual Studio Version 16
VisualStudioVersion = 16.0.29920.165
MinimumVisualStudioVersion = 10.0.40219.1
Project("{FAE04EC0-301F-11D3-BF4B-00C04F79EFBC}") = "WindowsFormsApp1", "WindowsFormsApp1\WindowsFormsApp1.csproj", "{9B44369E-6CDE-43C7-A1A2-CA0C1021EE0F}"
EndProject
Global
	GlobalSection(SolutionConfigurationPlatforms) = preSolution
		Debug|Any CPU = Debug|Any CPU
		Release|Any CPU = Release|Any CPU
	EndGlobalSection
	GlobalSection(ProjectConfigurationPlatforms) = postSolution
		{9B44369E-6CDE-43C7-A1A2-CA0C1021EE0F}.Debug|Any CPU.ActiveCfg = Debug|Any CPU
		{9B44369E-6CDE-43C7-A1A2-CA0C1021EE0F}.Debug|Any CPU.Build.0 = Debug|Any CPU
		{9B44369E-6CDE-43C7-A1A2-CA0C1021EE0F}.Release|Any CPU.ActiveCfg = Release|Any CPU
		{9B44369E-6CDE-43C7-A1A2-CA0C1021EE0F}.Release|Any CPU.Build.0 = Release|Any CPU
	EndGlobalSection
	GlobalSection(SolutionProperties) = preSolution
		HideSolutionNode = FALSE
	EndGlobalSection
	GlobalSection(ExtensibilityGlobals) = postSolution
		SolutionGuid = {BBD12586-2B65-4A3B-B757-49D882C90E3E}
	EndGlobalSection
EndGlobal
